
Microsoft Visual Studio Solution File, Format Version 12.00
# Visual Studio Version 16
VisualStudioVersion = 16.0.29709.97
MinimumVisualStudioVersion = 10.0.40219.1
Project("{FAE04EC0-301F-11D3-BF4B-00C04F79EFBC}") = "MyConnectionFactory", "AutoLot_ADO_EF_Core\MyConnectionFactory\MyConnectionFactory.csproj", "{7FC6E242-2A17-4CC9-BA81-BEA9DDE8EB21}"
EndProject
Project("{FAE04EC0-301F-11D3-BF4B-00C04F79EFBC}") = "AutoLotDataReader", "AutoLot_ADO_EF_Core\AutoLotDataReader\AutoLotDataReader.csproj", "{21DA51F0-CD80-4532-A837-F24151959897}"
EndProject
Project("{FAE04EC0-301F-11D3-BF4B-00C04F79EFBC}") = "AutoLotDal", "AutoLot_ADO_EF_Core\AutoLotDal\AutoLotDal.csproj", "{E76E4A0B-152A-4B95-AEA2-4B9DBBC69D4B}"
EndProject
Project("{FAE04EC0-301F-11D3-BF4B-00C04F79EFBC}") = "AutoLotClient", "AutoLot_ADO_EF_Core\AutoLotClient\AutoLotClient.csproj", "{FB01C2E1-26A1-46F4-A229-C193BEA4ED11}"
EndProject
Project("{FAE04EC0-301F-11D3-BF4B-00C04F79EFBC}") = "AutoLotEfConsoleApp", "AutoLot_ADO_EF_Core\AutoLotEfConsoleApp\AutoLotEfConsoleApp.csproj", "{D92800C1-43CB-4B2B-AAA2-AC085DF6C61C}"
EndProject
Project("{2150E333-8FDC-42A3-9474-1A3956D46DE8}") = "EF", "EF", "{DA3E5ADD-36AF-4AB5-B2B2-85FF773CA1DF}"
EndProject
Project("{FAE04EC0-301F-11D3-BF4B-00C04F79EFBC}") = "AutoLotDAL", "AutoLot_ADO_EF_Core\EF\AutoLotDAL\AutoLotDAL.csproj", "{CE6AC876-88E5-46C0-85E4-33C1755F224D}"
EndProject
Global
	GlobalSection(SolutionConfigurationPlatforms) = preSolution
		Debug|Any CPU = Debug|Any CPU
		Release|Any CPU = Release|Any CPU
	EndGlobalSection
	GlobalSection(ProjectConfigurationPlatforms) = postSolution
		{7FC6E242-2A17-4CC9-BA81-BEA9DDE8EB21}.Debug|Any CPU.ActiveCfg = Debug|Any CPU
		{7FC6E242-2A17-4CC9-BA81-BEA9DDE8EB21}.Debug|Any CPU.Build.0 = Debug|Any CPU
		{7FC6E242-2A17-4CC9-BA81-BEA9DDE8EB21}.Release|Any CPU.ActiveCfg = Release|Any CPU
		{7FC6E242-2A17-4CC9-BA81-BEA9DDE8EB21}.Release|Any CPU.Build.0 = Release|Any CPU
		{21DA51F0-CD80-4532-A837-F24151959897}.Debug|Any CPU.ActiveCfg = Debug|Any CPU
		{21DA51F0-CD80-4532-A837-F24151959897}.Debug|Any CPU.Build.0 = Debug|Any CPU
		{21DA51F0-CD80-4532-A837-F24151959897}.Release|Any CPU.ActiveCfg = Release|Any CPU
		{21DA51F0-CD80-4532-A837-F24151959897}.Release|Any CPU.Build.0 = Release|Any CPU
		{E76E4A0B-152A-4B95-AEA2-4B9DBBC69D4B}.Debug|Any CPU.ActiveCfg = Debug|Any CPU
		{E76E4A0B-152A-4B95-AEA2-4B9DBBC69D4B}.Debug|Any CPU.Build.0 = Debug|Any CPU
		{E76E4A0B-152A-4B95-AEA2-4B9DBBC69D4B}.Release|Any CPU.ActiveCfg = Release|Any CPU
		{E76E4A0B-152A-4B95-AEA2-4B9DBBC69D4B}.Release|Any CPU.Build.0 = Release|Any CPU
		{FB01C2E1-26A1-46F4-A229-C193BEA4ED11}.Debug|Any CPU.ActiveCfg = Debug|Any CPU
		{FB01C2E1-26A1-46F4-A229-C193BEA4ED11}.Debug|Any CPU.Build.0 = Debug|Any CPU
		{FB01C2E1-26A1-46F4-A229-C193BEA4ED11}.Release|Any CPU.ActiveCfg = Release|Any CPU
		{FB01C2E1-26A1-46F4-A229-C193BEA4ED11}.Release|Any CPU.Build.0 = Release|Any CPU
		{D92800C1-43CB-4B2B-AAA2-AC085DF6C61C}.Debug|Any CPU.ActiveCfg = Debug|Any CPU
		{D92800C1-43CB-4B2B-AAA2-AC085DF6C61C}.Debug|Any CPU.Build.0 = Debug|Any CPU
		{D92800C1-43CB-4B2B-AAA2-AC085DF6C61C}.Release|Any CPU.ActiveCfg = Release|Any CPU
		{D92800C1-43CB-4B2B-AAA2-AC085DF6C61C}.Release|Any CPU.Build.0 = Release|Any CPU
		{CE6AC876-88E5-46C0-85E4-33C1755F224D}.Debug|Any CPU.ActiveCfg = Debug|Any CPU
		{CE6AC876-88E5-46C0-85E4-33C1755F224D}.Debug|Any CPU.Build.0 = Debug|Any CPU
		{CE6AC876-88E5-46C0-85E4-33C1755F224D}.Release|Any CPU.ActiveCfg = Release|Any CPU
		{CE6AC876-88E5-46C0-85E4-33C1755F224D}.Release|Any CPU.Build.0 = Release|Any CPU
	EndGlobalSection
	GlobalSection(SolutionProperties) = preSolution
		HideSolutionNode = FALSE
	EndGlobalSection
	GlobalSection(NestedProjects) = preSolution
		{CE6AC876-88E5-46C0-85E4-33C1755F224D} = {DA3E5ADD-36AF-4AB5-B2B2-85FF773CA1DF}
	EndGlobalSection
	GlobalSection(ExtensibilityGlobals) = postSolution
		SolutionGuid = {B31268DF-B0C1-4FEC-BEDA-064AB633A4AC}
	EndGlobalSection
EndGlobal
